
Microsoft Visual Studio Solution File, Format Version 12.00
# Visual Studio Version 17
VisualStudioVersion = 17.6.33815.320
MinimumVisualStudioVersion = 10.0.40219.1
Project("{FAE04EC0-301F-11D3-BF4B-00C04F79EFBC}") = "azure-app-Yisus2023", "azure-app-Yisus2023.csproj", "{32454B31-7447-40DA-A2F0-A36ED0DB9FA0}"
EndProject
Global
	GlobalSection(SolutionConfigurationPlatforms) = preSolution
		Debug|Any CPU = Debug|Any CPU
		Release|Any CPU = Release|Any CPU
	EndGlobalSection
	GlobalSection(ProjectConfigurationPlatforms) = postSolution
		{32454B31-7447-40DA-A2F0-A36ED0DB9FA0}.Debug|Any CPU.ActiveCfg = Debug|Any CPU
		{32454B31-7447-40DA-A2F0-A36ED0DB9FA0}.Debug|Any CPU.Build.0 = Debug|Any CPU
		{32454B31-7447-40DA-A2F0-A36ED0DB9FA0}.Release|Any CPU.ActiveCfg = Release|Any CPU
		{32454B31-7447-40DA-A2F0-A36ED0DB9FA0}.Release|Any CPU.Build.0 = Release|Any CPU
	EndGlobalSection
	GlobalSection(SolutionProperties) = preSolution
		HideSolutionNode = FALSE
	EndGlobalSection
	GlobalSection(ExtensibilityGlobals) = postSolution
		SolutionGuid = {3249733A-71CC-46DB-9949-0552734DDFD5}
	EndGlobalSection
EndGlobal
